
Microsoft Visual Studio Solution File, Format Version 12.00
# Visual Studio Version 16
VisualStudioVersion = 16.0.30104.148
MinimumVisualStudioVersion = 10.0.40219.1
Project("{FAE04EC0-301F-11D3-BF4B-00C04F79EFBC}") = "OMAHouse", "OMAHouse\OMAHouse.csproj", "{3FDCBE78-232E-4113-BBC3-970AAC6C142D}"
EndProject
Project("{FAE04EC0-301F-11D3-BF4B-00C04F79EFBC}") = "OMAHouse.MVC.API", "OMAHouse.MVC.API\OMAHouse.MVC.API.csproj", "{0067CA51-D814-4A8B-BFA2-61471BE08740}"
EndProject
Global
	GlobalSection(SolutionConfigurationPlatforms) = preSolution
		Debug|Any CPU = Debug|Any CPU
		Release|Any CPU = Release|Any CPU
	EndGlobalSection
	GlobalSection(ProjectConfigurationPlatforms) = postSolution
		{3FDCBE78-232E-4113-BBC3-970AAC6C142D}.Debug|Any CPU.ActiveCfg = Debug|Any CPU
		{3FDCBE78-232E-4113-BBC3-970AAC6C142D}.Debug|Any CPU.Build.0 = Debug|Any CPU
		{3FDCBE78-232E-4113-BBC3-970AAC6C142D}.Release|Any CPU.ActiveCfg = Release|Any CPU
		{3FDCBE78-232E-4113-BBC3-970AAC6C142D}.Release|Any CPU.Build.0 = Release|Any CPU
		{0067CA51-D814-4A8B-BFA2-61471BE08740}.Debug|Any CPU.ActiveCfg = Debug|Any CPU
		{0067CA51-D814-4A8B-BFA2-61471BE08740}.Debug|Any CPU.Build.0 = Debug|Any CPU
		{0067CA51-D814-4A8B-BFA2-61471BE08740}.Release|Any CPU.ActiveCfg = Release|Any CPU
		{0067CA51-D814-4A8B-BFA2-61471BE08740}.Release|Any CPU.Build.0 = Release|Any CPU
	EndGlobalSection
	GlobalSection(SolutionProperties) = preSolution
		HideSolutionNode = FALSE
	EndGlobalSection
	GlobalSection(ExtensibilityGlobals) = postSolution
		SolutionGuid = {00C26AB9-884C-4089-915A-D19B2A9EB6B1}
	EndGlobalSection
EndGlobal
